Microsoft Visual Studio Solution File, Format Version 11.00
# Visual Studio 2008

Project("{5C725094-42D3-80D7-A645-626A5A1F4C49}") = "HighKings", "Assembly-CSharp-firstpass.csproj", "{A296D1CA-6911-FF23-7ABA-F5910B69599D}"
EndProject
Project("{5C725094-42D3-80D7-A645-626A5A1F4C49}") = "HighKings", "Assembly-CSharp.csproj", "{B4D31717-3C69-7244-1C13-B53BE5B3A717}"
EndProject
Project("{5C725094-42D3-80D7-A645-626A5A1F4C49}") = "HighKings", "Assembly-CSharp-Editor-firstpass.csproj", "{E06903B9-2F68-72CA-16C5-3CB81E6E210D}"
EndProject
Project("{5C725094-42D3-80D7-A645-626A5A1F4C49}") = "HighKings", "Assembly-CSharp-Editor.csproj", "{329C312B-E0BC-4D44-C86D-54E631E5A89D}"
EndProject
Global
	GlobalSection(SolutionConfigurationPlatforms) = preSolution
		Debug|Any CPU = Debug|Any CPU
		Release|Any CPU = Release|Any CPU
	EndGlobalSection
	GlobalSection(ProjectConfigurationPlatforms) = postSolution
		{A296D1CA-6911-FF23-7ABA-F5910B69599D}.Debug|Any CPU.ActiveCfg = Debug|Any CPU
		{A296D1CA-6911-FF23-7ABA-F5910B69599D}.Debug|Any CPU.Build.0 = Debug|Any CPU
		{A296D1CA-6911-FF23-7ABA-F5910B69599D}.Release|Any CPU.ActiveCfg = Release|Any CPU
		{A296D1CA-6911-FF23-7ABA-F5910B69599D}.Release|Any CPU.Build.0 = Release|Any CPU
		{B4D31717-3C69-7244-1C13-B53BE5B3A717}.Debug|Any CPU.ActiveCfg = Debug|Any CPU
		{B4D31717-3C69-7244-1C13-B53BE5B3A717}.Debug|Any CPU.Build.0 = Debug|Any CPU
		{B4D31717-3C69-7244-1C13-B53BE5B3A717}.Release|Any CPU.ActiveCfg = Release|Any CPU
		{B4D31717-3C69-7244-1C13-B53BE5B3A717}.Release|Any CPU.Build.0 = Release|Any CPU
		{E06903B9-2F68-72CA-16C5-3CB81E6E210D}.Debug|Any CPU.ActiveCfg = Debug|Any CPU
		{E06903B9-2F68-72CA-16C5-3CB81E6E210D}.Debug|Any CPU.Build.0 = Debug|Any CPU
		{E06903B9-2F68-72CA-16C5-3CB81E6E210D}.Release|Any CPU.ActiveCfg = Release|Any CPU
		{E06903B9-2F68-72CA-16C5-3CB81E6E210D}.Release|Any CPU.Build.0 = Release|Any CPU
		{329C312B-E0BC-4D44-C86D-54E631E5A89D}.Debug|Any CPU.ActiveCfg = Debug|Any CPU
		{329C312B-E0BC-4D44-C86D-54E631E5A89D}.Debug|Any CPU.Build.0 = Debug|Any CPU
		{329C312B-E0BC-4D44-C86D-54E631E5A89D}.Release|Any CPU.ActiveCfg = Release|Any CPU
		{329C312B-E0BC-4D44-C86D-54E631E5A89D}.Release|Any CPU.Build.0 = Release|Any CPU
	EndGlobalSection
	GlobalSection(SolutionProperties) = preSolution
		HideSolutionNode = FALSE
	EndGlobalSection
	GlobalSection(MonoDevelopProperties) = preSolution
		StartupItem = Assembly-CSharp.csproj
	EndGlobalSection
EndGlobal
