
Microsoft Visual Studio Solution File, Format Version 12.00
# Visual Studio 2015
Project("{FAE04EC0-301F-11D3-BF4B-00C04F79EFBC}") = "HighKings.CSharp.Plugins", "HighKings.CSharp.Plugins.csproj", "{D11AB2F7-02AD-3713-F744-7819210C4B46}"
EndProject
Project("{FAE04EC0-301F-11D3-BF4B-00C04F79EFBC}") = "HighKings.CSharp", "HighKings.CSharp.csproj", "{567A58B0-D0A6-5581-DEF9-9F304E95970B}"
EndProject
Project("{FAE04EC0-301F-11D3-BF4B-00C04F79EFBC}") = "HighKings.CSharp.Editor", "HighKings.CSharp.Editor.csproj", "{73762D21-9A10-711E-A3AA-DD25789F630F}"
EndProject
Global
	GlobalSection(SolutionConfigurationPlatforms) = preSolution
		Debug|Any CPU = Debug|Any CPU
		Release|Any CPU = Release|Any CPU
	EndGlobalSection
	GlobalSection(ProjectConfigurationPlatforms) = postSolution
		{D11AB2F7-02AD-3713-F744-7819210C4B46}.Debug|Any CPU.ActiveCfg = Debug|Any CPU
		{D11AB2F7-02AD-3713-F744-7819210C4B46}.Debug|Any CPU.Build.0 = Debug|Any CPU
		{D11AB2F7-02AD-3713-F744-7819210C4B46}.Release|Any CPU.ActiveCfg = Release|Any CPU
		{D11AB2F7-02AD-3713-F744-7819210C4B46}.Release|Any CPU.Build.0 = Release|Any CPU
		{567A58B0-D0A6-5581-DEF9-9F304E95970B}.Debug|Any CPU.ActiveCfg = Debug|Any CPU
		{567A58B0-D0A6-5581-DEF9-9F304E95970B}.Debug|Any CPU.Build.0 = Debug|Any CPU
		{567A58B0-D0A6-5581-DEF9-9F304E95970B}.Release|Any CPU.ActiveCfg = Release|Any CPU
		{567A58B0-D0A6-5581-DEF9-9F304E95970B}.Release|Any CPU.Build.0 = Release|Any CPU
		{73762D21-9A10-711E-A3AA-DD25789F630F}.Debug|Any CPU.ActiveCfg = Debug|Any CPU
		{73762D21-9A10-711E-A3AA-DD25789F630F}.Debug|Any CPU.Build.0 = Debug|Any CPU
		{73762D21-9A10-711E-A3AA-DD25789F630F}.Release|Any CPU.ActiveCfg = Release|Any CPU
		{73762D21-9A10-711E-A3AA-DD25789F630F}.Release|Any CPU.Build.0 = Release|Any CPU
	EndGlobalSection
	GlobalSection(SolutionProperties) = preSolution
		HideSolutionNode = FALSE
	EndGlobalSection
EndGlobal
